
Microsoft Visual Studio Solution File, Format Version 12.00
# Visual Studio Version 17
VisualStudioVersion = 17.7.34024.191
MinimumVisualStudioVersion = 10.0.40219.1
Project("{FAE04EC0-301F-11D3-BF4B-00C04F79EFBC}") = "la-mia-pizzeria-static", "la-mia-pizzeria-static\la-mia-pizzeria-static.csproj", "{50015974-3897-417E-BF7E-3EE41BFB70BD}"
EndProject
Global
	GlobalSection(SolutionConfigurationPlatforms) = preSolution
		Debug|Any CPU = Debug|Any CPU
		Release|Any CPU = Release|Any CPU
	EndGlobalSection
	GlobalSection(ProjectConfigurationPlatforms) = postSolution
		{50015974-3897-417E-BF7E-3EE41BFB70BD}.Debug|Any CPU.ActiveCfg = Debug|Any CPU
		{50015974-3897-417E-BF7E-3EE41BFB70BD}.Debug|Any CPU.Build.0 = Debug|Any CPU
		{50015974-3897-417E-BF7E-3EE41BFB70BD}.Release|Any CPU.ActiveCfg = Release|Any CPU
		{50015974-3897-417E-BF7E-3EE41BFB70BD}.Release|Any CPU.Build.0 = Release|Any CPU
	EndGlobalSection
	GlobalSection(SolutionProperties) = preSolution
		HideSolutionNode = FALSE
	EndGlobalSection
	GlobalSection(ExtensibilityGlobals) = postSolution
		SolutionGuid = {6C1FD809-BC08-46F4-BF32-1D747741C9BD}
	EndGlobalSection
EndGlobal
